version = 1
requires-python = ">=3.9"

[[package]]
name = "content-moderation-openenv"
version = "1.0.0"
source = { editable = "." }
dependencies = [
    "flask>=2.3.0",
    "flask-cors>=4.0.0",
    "gunicorn>=21.0.0",
    "transformers>=4.35.0",
    "torch>=2.0.0",
    "torchvision>=0.15.0",
    "pillow>=10.0.0",
    "opencv-python>=4.8.0",
    "numpy>=1.24.0",
    "pydantic>=2.0.0",
    "gymnasium>=0.29.0",
    "python-dotenv>=1.0.0",
    "scikit-learn>=1.3.0",
    "openai>=1.0.0",
    "openenv-core>=0.2.0",
]

[[package]]
name = "openenv-core"
version = "0.2.0"
source = { registry = "https://pypi.org/simple" }
dependencies = [
    "pydantic>=2.0.0",
    "pyyaml>=6.0",
]

[[package]]
name = "flask"
version = "2.3.0"
source = { registry = "https://pypi.org/simple" }

[[package]]
name = "flask-cors"
version = "4.0.0"
source = { registry = "https://pypi.org/simple" }

[[package]]
name = "gunicorn"
version = "21.2.0"
source = { registry = "https://pypi.org/simple" }

[[package]]
name = "transformers"
version = "4.35.0"
source = { registry = "https://pypi.org/simple" }

[[package]]
name = "torch"
version = "2.0.1"
source = { registry = "https://pypi.org/simple" }

[[package]]
name = "torchvision"
version = "0.15.2"
source = { registry = "https://pypi.org/simple" }

[[package]]
name = "pillow"
version = "10.1.0"
source = { registry = "https://pypi.org/simple" }

[[package]]
name = "opencv-python"
version = "4.8.1.78"
source = { registry = "https://pypi.org/simple" }

[[package]]
name = "numpy"
version = "1.24.3"
source = { registry = "https://pypi.org/simple" }

[[package]]
name = "pydantic"
version = "2.5.0"
source = { registry = "https://pypi.org/simple" }

[[package]]
name = "gymnasium"
version = "0.29.1"
source = { registry = "https://pypi.org/simple" }

[[package]]
name = "python-dotenv"
version = "1.0.0"
source = { registry = "https://pypi.org/simple" }

[[package]]
name = "scikit-learn"
version = "1.3.2"
source = { registry = "https://pypi.org/simple" }

[[package]]
name = "openai"
version = "1.0.0"
source = { registry = "https://pypi.org/simple" }

[[package]]
name = "pyyaml"
version = "6.0"
source = { registry = "https://pypi.org/simple" }
